
Microsoft Visual Studio Solution File, Format Version 12.00
# Visual Studio 2013
VisualStudioVersion = 12.0.31101.0
MinimumVisualStudioVersion = 10.0.40219.1
Project("{2150E333-8FDC-42A3-9474-1A3956D46DE8}") = "Projects", "Projects", "{159AB559-457E-4249-A7C8-4AD48D43C081}"
EndProject
Project("{FAE04EC0-301F-11D3-BF4B-00C04F79EFBC}") = "Bosphorus.Configuration.Core", "Projects\Bosphorus.Configuration.Core\Bosphorus.Configuration.Core.csproj", "{FC5A7B05-6722-4959-988F-6ECB569EB356}"
EndProject
Project("{2150E333-8FDC-42A3-9474-1A3956D46DE8}") = "Demos", "Demos", "{BED960F2-5AB6-4039-AA4C-6FF9F5BBDAF4}"
EndProject
Project("{FAE04EC0-301F-11D3-BF4B-00C04F79EFBC}") = "Bosphorus.Configuration.Default", "Projects\Bosphorus.Configuration.Default\Bosphorus.Configuration.Default.csproj", "{38BF9F92-847F-4703-A86B-22C7F2AC9B52}"
EndProject
Project("{FAE04EC0-301F-11D3-BF4B-00C04F79EFBC}") = "Bosphorus.Configuration.Core.Demo", "Demos\Bosphorus.Configuration.Core.Demo\Bosphorus.Configuration.Core.Demo.csproj", "{1D67F698-25B7-4780-9358-9C792E10F3A2}"
EndProject
Global
	GlobalSection(SolutionConfigurationPlatforms) = preSolution
		Debug|Any CPU = Debug|Any CPU
		Release|Any CPU = Release|Any CPU
	EndGlobalSection
	GlobalSection(ProjectConfigurationPlatforms) = postSolution
		{FC5A7B05-6722-4959-988F-6ECB569EB356}.Debug|Any CPU.ActiveCfg = Debug|Any CPU
		{FC5A7B05-6722-4959-988F-6ECB569EB356}.Debug|Any CPU.Build.0 = Debug|Any CPU
		{FC5A7B05-6722-4959-988F-6ECB569EB356}.Release|Any CPU.ActiveCfg = Release|Any CPU
		{FC5A7B05-6722-4959-988F-6ECB569EB356}.Release|Any CPU.Build.0 = Release|Any CPU
		{38BF9F92-847F-4703-A86B-22C7F2AC9B52}.Debug|Any CPU.ActiveCfg = Debug|Any CPU
		{38BF9F92-847F-4703-A86B-22C7F2AC9B52}.Debug|Any CPU.Build.0 = Debug|Any CPU
		{38BF9F92-847F-4703-A86B-22C7F2AC9B52}.Release|Any CPU.ActiveCfg = Release|Any CPU
		{38BF9F92-847F-4703-A86B-22C7F2AC9B52}.Release|Any CPU.Build.0 = Release|Any CPU
		{1D67F698-25B7-4780-9358-9C792E10F3A2}.Debug|Any CPU.ActiveCfg = Debug|Any CPU
		{1D67F698-25B7-4780-9358-9C792E10F3A2}.Debug|Any CPU.Build.0 = Debug|Any CPU
		{1D67F698-25B7-4780-9358-9C792E10F3A2}.Release|Any CPU.ActiveCfg = Release|Any CPU
		{1D67F698-25B7-4780-9358-9C792E10F3A2}.Release|Any CPU.Build.0 = Release|Any CPU
	EndGlobalSection
	GlobalSection(SolutionProperties) = preSolution
		HideSolutionNode = FALSE
	EndGlobalSection
	GlobalSection(NestedProjects) = preSolution
		{FC5A7B05-6722-4959-988F-6ECB569EB356} = {159AB559-457E-4249-A7C8-4AD48D43C081}
		{38BF9F92-847F-4703-A86B-22C7F2AC9B52} = {159AB559-457E-4249-A7C8-4AD48D43C081}
		{1D67F698-25B7-4780-9358-9C792E10F3A2} = {BED960F2-5AB6-4039-AA4C-6FF9F5BBDAF4}
	EndGlobalSection
EndGlobal
